{
  "name": "zpl_cull.c",
  "version": "1.0.4",
  "lockfileVersion": 1,
  "requires": true,
  "dependencies": {
    "zpl_math.c": {
      "version": "1.0.1",
      "resolved": "https://registry.npmjs.org/zpl_math.c/-/zpl_math.c-1.0.1.tgz",
      "integrity": "sha512-nZCG41KzHzI1sK9N53rP7qb8NTj15PC06KLfW7z+2VcxHvwrVjJ09HWDEvR4WzuMTd1B2brKimZ4eEmXvIccJw=="
    },
    "zpl.c": {
      "version": "2.0.2",
      "resolved": "https://registry.npmjs.org/zpl.c/-/zpl.c-2.0.2.tgz",
      "integrity": "sha512-kHUekyFZ+KUMWLCHIurmfjjQTXBBAhKAVgEymnZQU7QcZmyK18WQL/wRY+927PoG31jNxd2g8yhco+ahvNHfyw=="
    }
  }
}
